<?xml version="1.0" encoding="UTF-8" standalone="yes" ?>
<CodeBlocks_project_file>
	<FileVersion major="1" minor="6" />
	<Project>
		<Option title="pthreads_dphil" />
		<Option pch_mode="2" />
		<Option compiler="gcc" />
		<Build>
			<Target title="locktable">
				<Option output="locktable" prefix_auto="1" extension_auto="1" />
				<Option object_output="obj\" />
				<Option type="1" />
				<Option compiler="gcc" />
				<Compiler>
					<Add option="-g" />
				</Compiler>
			</Target>
			<Target title="leftie">
				<Option output="leftie" prefix_auto="1" extension_auto="1" />
				<Option object_output="obj\" />
				<Option type="1" />
				<Option compiler="gcc" />
				<Compiler>
					<Add option="-g" />
				</Compiler>
			</Target>
			<Target title="footman">
				<Option output="footman" prefix_auto="1" extension_auto="1" />
				<Option object_output="obj\" />
				<Option type="1" />
				<Option compiler="gcc" />
				<Compiler>
					<Add option="-g" />
				</Compiler>
			</Target>
		</Build>
		<Compiler>
			<Add option="-Wall" />
		</Compiler>
		<Linker>
			<Add option="-lpthread" />
		</Linker>
		<Unit filename="dphil.h" />
		<Unit filename="dphil_common.c">
			<Option compilerVar="CC" />
		</Unit>
		<Unit filename="dphil_footman.c">
			<Option compilerVar="CC" />
			<Option target="footman" />
		</Unit>
		<Unit filename="dphil_leftie.c">
			<Option compilerVar="CC" />
			<Option target="leftie" />
		</Unit>
		<Unit filename="dphil_locktable.c">
			<Option compilerVar="CC" />
			<Option target="locktable" />
		</Unit>
		<Extensions>
			<code_completion />
			<envvars />
			<debugger />
		</Extensions>
	</Project>
</CodeBlocks_project_file>
