<?xml version="1.0" encoding="UTF-8" standalone="yes" ?>
<CodeBlocks_project_file>
	<FileVersion major="1" minor="6" />
	<Project>
		<Option title="OpenGL" />
		<Option pch_mode="2" />
		<Option compiler="gcc" />
		<Build>
			<Target title="gradient">
				<Option output="gl_gradient" prefix_auto="0" extension_auto="1" />
				<Option type="1" />
				<Option compiler="gcc" />
			</Target>
			<Target title="vbo">
				<Option output="gl_vbo" prefix_auto="0" extension_auto="1" />
				<Option type="1" />
				<Option compiler="gcc" />
			</Target>
			<Target title="light">
				<Option output="gl_light" prefix_auto="0" extension_auto="1" />
				<Option type="1" />
				<Option compiler="gcc" />
			</Target>
			<Target title="projection">
				<Option output="gl_projection" prefix_auto="0" extension_auto="1" />
				<Option type="1" />
				<Option compiler="gcc" />
			</Target>
			<Target title="transformation">
				<Option output="gl_transformation" prefix_auto="0" extension_auto="1" />
				<Option type="1" />
				<Option compiler="gcc" />
			</Target>
			<Target title="shader">
				<Option output="gl_shader" prefix_auto="0" extension_auto="1" />
				<Option type="1" />
				<Option compiler="gcc" />
			</Target>
		</Build>
		<Compiler>
			<Add option="-Wall" />
			<Add option="-g" />
		</Compiler>
		<Linker>
			<Add option="-lglew32 -lFreeGlut -lopengl32 -lglu32" />
		</Linker>
		<Unit filename="gl_gradient.c">
			<Option compilerVar="CC" />
			<Option target="gradient" />
		</Unit>
		<Unit filename="gl_light.c">
			<Option compilerVar="CC" />
			<Option target="light" />
		</Unit>
		<Unit filename="gl_projection.c">
			<Option compilerVar="CC" />
			<Option target="projection" />
		</Unit>
		<Unit filename="gl_shader.c">
			<Option compilerVar="CC" />
			<Option target="shader" />
		</Unit>
		<Unit filename="gl_transformation.c">
			<Option compilerVar="CC" />
			<Option target="transformation" />
		</Unit>
		<Unit filename="gl_vbo.c">
			<Option compilerVar="CC" />
			<Option target="vbo" />
		</Unit>
		<Extensions>
			<code_completion />
			<envvars />
			<debugger />
		</Extensions>
	</Project>
</CodeBlocks_project_file>
